// !$*UTF8*$!
{
	archiveVersion = 1;
	classes = {
	};
	objectVersion = 46;
	objects = {

/* Begin PBXBuildFile section */
		DA3A355C1AE2DF3100C29D16 /* main.m in Sources */ = {isa = PBXBuildFile; fileRef = DA3A355B1AE2DF3100C29D16 /* main.m */; };
		DA3A35651AE2DF3100C29D16 /* Main.storyboard in Resources */ = {isa = PBXBuildFile; fileRef = DA3A35631AE2DF3100C29D16 /* Main.storyboard */; };
		DA3A35671AE2DF3100C29D16 /* Images.xcassets in Resources */ = {isa = PBXBuildFile; fileRef = DA3A35661AE2DF3100C29D16 /* Images.xcassets */; };
		DA3A356A1AE2DF3100C29D16 /* LaunchScreen.xib in Resources */ = {isa = PBXBuildFile; fileRef = DA3A35681AE2DF3100C29D16 /* LaunchScreen.xib */; };
		DA3A35761AE2DF3100C29D16 /* xcmount_testTests.m in Sources */ = {isa = PBXBuildFile; fileRef = DA3A35751AE2DF3100C29D16 /* xcmount_testTests.m */; };
		DA3A38741AE2E52900C29D16 /* AppDelegate.m in Sources */ = {isa = PBXBuildFile; fileRef = DA3A38701AE2E52900C29D16 /* AppDelegate.m */; };
		DA3A38751AE2E52900C29D16 /* ViewController.m in Sources */ = {isa = PBXBuildFile; fileRef = DA3A38731AE2E52900C29D16 /* ViewController.m */; };
/* End PBXBuildFile section */

/* Begin PBXContainerItemProxy section */
		DA3A35701AE2DF3100C29D16 /* PBXContainerItemProxy */ = {
			isa = PBXContainerItemProxy;
			containerPortal = DA3A354E1AE2DF3100C29D16 /* Project object */;
			proxyType = 1;
			remoteGlobalIDString = DA3A35551AE2DF3100C29D16;
			remoteInfo = "xcmount-test";
		};
/* End PBXContainerItemProxy section */

/* Begin PBXFileReference section */
		DA3A35561AE2DF3100C29D16 /* xcmount-test.app */ = {isa = PBXFileReference; explicitFileType = wrapper.application; includeInIndex = 0; path = "xcmount-test.app"; sourceTree = BUILT_PRODUCTS_DIR; };
		DA3A355A1AE2DF3100C29D16 /* Info.plist */ = {isa = PBXFileReference; lastKnownFileType = text.plist.xml; path = Info.plist; sourceTree = "<group>"; };
		DA3A355B1AE2DF3100C29D16 /* main.m */ = {isa = PBXFileReference; lastKnownFileType = sourcecode.c.objc; path = main.m; sourceTree = "<group>"; };
		DA3A35641AE2DF3100C29D16 /* Base */ = {isa = PBXFileReference; lastKnownFileType = file.storyboard; name = Base; path = Base.lproj/Main.storyboard; sourceTree = "<group>"; };
		DA3A35661AE2DF3100C29D16 /* Images.xcassets */ = {isa = PBXFileReference; lastKnownFileType = folder.assetcatalog; path = Images.xcassets; sourceTree = "<group>"; };
		DA3A35691AE2DF3100C29D16 /* Base */ = {isa = PBXFileReference; lastKnownFileType = file.xib; name = Base; path = Base.lproj/LaunchScreen.xib; sourceTree = "<group>"; };
		DA3A356F1AE2DF3100C29D16 /* xcmount-testTests.xctest */ = {isa = PBXFileReference; explicitFileType = wrapper.cfbundle; includeInIndex = 0; path = "xcmount-testTests.xctest"; sourceTree = BUILT_PRODUCTS_DIR; };
		DA3A35741AE2DF3100C29D16 /* Info.plist */ = {isa = PBXFileReference; lastKnownFileType = text.plist.xml; path = Info.plist; sourceTree = "<group>"; };
		DA3A35751AE2DF3100C29D16 /* xcmount_testTests.m */ = {isa = PBXFileReference; lastKnownFileType = sourcecode.c.objc; path = xcmount_testTests.m; sourceTree = "<group>"; };
		DA3A386F1AE2E52900C29D16 /* AppDelegate.h */ = {isa = PBXFileReference; fileEncoding = 4; lastKnownFileType = sourcecode.c.h; path = AppDelegate.h; sourceTree = "<group>"; };
		DA3A38701AE2E52900C29D16 /* AppDelegate.m */ = {isa = PBXFileReference; fileEncoding = 4; lastKnownFileType = sourcecode.c.objc; path = AppDelegate.m; sourceTree = "<group>"; };
		DA3A38721AE2E52900C29D16 /* ViewController.h */ = {isa = PBXFileReference; fileEncoding = 4; lastKnownFileType = sourcecode.c.h; path = ViewController.h; sourceTree = "<group>"; };
		DA3A38731AE2E52900C29D16 /* ViewController.m */ = {isa = PBXFileReference; fileEncoding = 4; lastKnownFileType = sourcecode.c.objc; path = ViewController.m; sourceTree = "<group>"; };
		DA3A44381AE32F7F00C29D16 /* SomeImage.png */ = {isa = PBXFileReference; lastKnownFileType = image.png; path = SomeImage.png; sourceTree = "<group>"; };
		DA3A44391AE32F7F00C29D16 /* SomeSource.h */ = {isa = PBXFileReference; lastKnownFileType = sourcecode.c.h; path = SomeSource.h; sourceTree = "<group>"; };
		DA3A443A1AE32F7F00C29D16 /* SomeSource.m */ = {isa = PBXFileReference; lastKnownFileType = sourcecode.c.objc; path = SomeSource.m; sourceTree = "<group>"; };
		DA3A443B1AE32F7F00C29D16 /* SomeSwift.swift */ = {isa = PBXFileReference; lastKnownFileType = sourcecode.swift; path = SomeSwift.swift; sourceTree = "<group>"; };
		DA3A443C1AE32F7F00C29D16 /* SomeXib.xib */ = {isa = PBXFileReference; lastKnownFileType = file.xib; path = SomeXib.xib; sourceTree = "<group>"; };
/* End PBXFileReference section */

/* Begin PBXFrameworksBuildPhase section */
		DA3A35531AE2DF3100C29D16 /* Frameworks */ = {
			isa = PBXFrameworksBuildPhase;
			buildActionMask = 2147483647;
			files = (
			);
			runOnlyForDeploymentPostprocessing = 0;
		};
		DA3A356C1AE2DF3100C29D16 /* Frameworks */ = {
			isa = PBXFrameworksBuildPhase;
			buildActionMask = 2147483647;
			files = (
			);
			runOnlyForDeploymentPostprocessing = 0;
		};
/* End PBXFrameworksBuildPhase section */

/* Begin PBXGroup section */
		DA3A354D1AE2DF3100C29D16 = {
			isa = PBXGroup;
			children = (
				DA3A35581AE2DF3100C29D16 /* xcmount-test */,
				DA3A35721AE2DF3100C29D16 /* xcmount-testTests */,
				DA3A35571AE2DF3100C29D16 /* Products */,
			);
			sourceTree = "<group>";
		};
		DA3A35571AE2DF3100C29D16 /* Products */ = {
			isa = PBXGroup;
			children = (
				DA3A35561AE2DF3100C29D16 /* xcmount-test.app */,
				DA3A356F1AE2DF3100C29D16 /* xcmount-testTests.xctest */,
			);
			name = Products;
			sourceTree = "<group>";
		};
		DA3A35581AE2DF3100C29D16 /* xcmount-test */ = {
			isa = PBXGroup;
			children = (
				DA3A44371AE32F7F00C29D16 /* NotInTarget */,
				DA3A386E1AE2E52900C29D16 /* Source */,
				DA3A35631AE2DF3100C29D16 /* Main.storyboard */,
				DA3A35661AE2DF3100C29D16 /* Images.xcassets */,
				DA3A35681AE2DF3100C29D16 /* LaunchScreen.xib */,
				DA3A35591AE2DF3100C29D16 /* Supporting Files */,
			);
			path = "xcmount-test";
			sourceTree = "<group>";
		};
		DA3A35591AE2DF3100C29D16 /* Supporting Files */ = {
			isa = PBXGroup;
			children = (
				DA3A355A1AE2DF3100C29D16 /* Info.plist */,
				DA3A355B1AE2DF3100C29D16 /* main.m */,
			);
			name = "Supporting Files";
			sourceTree = "<group>";
		};
		DA3A35721AE2DF3100C29D16 /* xcmount-testTests */ = {
			isa = PBXGroup;
			children = (
				DA3A35751AE2DF3100C29D16 /* xcmount_testTests.m */,
				DA3A35731AE2DF3100C29D16 /* Supporting Files */,
			);
			path = "xcmount-testTests";
			sourceTree = "<group>";
		};
		DA3A35731AE2DF3100C29D16 /* Supporting Files */ = {
			isa = PBXGroup;
			children = (
				DA3A35741AE2DF3100C29D16 /* Info.plist */,
			);
			name = "Supporting Files";
			sourceTree = "<group>";
		};
		DA3A386E1AE2E52900C29D16 /* Source */ = {
			isa = PBXGroup;
			children = (
				DA3A386F1AE2E52900C29D16 /* AppDelegate.h */,
				DA3A38701AE2E52900C29D16 /* AppDelegate.m */,
				DA3A38711AE2E52900C29D16 /* ViewControllers */,
			);
			path = Source;
			sourceTree = "<group>";
		};
		DA3A38711AE2E52900C29D16 /* ViewControllers */ = {
			isa = PBXGroup;
			children = (
				DA3A38721AE2E52900C29D16 /* ViewController.h */,
				DA3A38731AE2E52900C29D16 /* ViewController.m */,
			);
			path = ViewControllers;
			sourceTree = "<group>";
		};
		DA3A44371AE32F7F00C29D16 /* NotInTarget */ = {
			isa = PBXGroup;
			children = (
				DA3A44381AE32F7F00C29D16 /* SomeImage.png */,
				DA3A44391AE32F7F00C29D16 /* SomeSource.h */,
				DA3A443A1AE32F7F00C29D16 /* SomeSource.m */,
				DA3A443B1AE32F7F00C29D16 /* SomeSwift.swift */,
				DA3A443C1AE32F7F00C29D16 /* SomeXib.xib */,
			);
			path = NotInTarget;
			sourceTree = "<group>";
		};
/* End PBXGroup section */

/* Begin PBXNativeTarget section */
		DA3A35551AE2DF3100C29D16 /* xcmount-test */ = {
			isa = PBXNativeTarget;
			buildConfigurationList = DA3A35791AE2DF3100C29D16 /* Build configuration list for PBXNativeTarget "xcmount-test" */;
			buildPhases = (
				DA3A35521AE2DF3100C29D16 /* Sources */,
				DA3A35531AE2DF3100C29D16 /* Frameworks */,
				DA3A35541AE2DF3100C29D16 /* Resources */,
			);
			buildRules = (
			);
			dependencies = (
			);
			name = "xcmount-test";
			productName = "xcmount-test";
			productReference = DA3A35561AE2DF3100C29D16 /* xcmount-test.app */;
			productType = "com.apple.product-type.application";
		};
		DA3A356E1AE2DF3100C29D16 /* xcmount-testTests */ = {
			isa = PBXNativeTarget;
			buildConfigurationList = DA3A357C1AE2DF3100C29D16 /* Build configuration list for PBXNativeTarget "xcmount-testTests" */;
			buildPhases = (
				DA3A356B1AE2DF3100C29D16 /* Sources */,
				DA3A356C1AE2DF3100C29D16 /* Frameworks */,
				DA3A356D1AE2DF3100C29D16 /* Resources */,
			);
			buildRules = (
			);
			dependencies = (
				DA3A35711AE2DF3100C29D16 /* PBXTargetDependency */,
			);
			name = "xcmount-testTests";
			productName = "xcmount-testTests";
			productReference = DA3A356F1AE2DF3100C29D16 /* xcmount-testTests.xctest */;
			productType = "com.apple.product-type.bundle.unit-test";
		};
/* End PBXNativeTarget section */

/* Begin PBXProject section */
		DA3A354E1AE2DF3100C29D16 /* Project object */ = {
			isa = PBXProject;
			attributes = {
				LastUpgradeCheck = 0630;
				ORGANIZATIONNAME = "Paul Samuels";
				TargetAttributes = {
					DA3A35551AE2DF3100C29D16 = {
						CreatedOnToolsVersion = 6.3;
					};
					DA3A356E1AE2DF3100C29D16 = {
						CreatedOnToolsVersion = 6.3;
						TestTargetID = DA3A35551AE2DF3100C29D16;
					};
				};
			};
			buildConfigurationList = DA3A35511AE2DF3100C29D16 /* Build configuration list for PBXProject "xcmount-test" */;
			compatibilityVersion = "Xcode 3.2";
			developmentRegion = English;
			hasScannedForEncodings = 0;
			knownRegions = (
				en,
				Base,
			);
			mainGroup = DA3A354D1AE2DF3100C29D16;
			productRefGroup = DA3A35571AE2DF3100C29D16 /* Products */;
			projectDirPath = "";
			projectRoot = "";
			targets = (
				DA3A35551AE2DF3100C29D16 /* xcmount-test */,
				DA3A356E1AE2DF3100C29D16 /* xcmount-testTests */,
			);
		};
/* End PBXProject section */

/* Begin PBXResourcesBuildPhase section */
		DA3A35541AE2DF3100C29D16 /* Resources */ = {
			isa = PBXResourcesBuildPhase;
			buildActionMask = 2147483647;
			files = (
				DA3A35651AE2DF3100C29D16 /* Main.storyboard in Resources */,
				DA3A356A1AE2DF3100C29D16 /* LaunchScreen.xib in Resources */,
				DA3A35671AE2DF3100C29D16 /* Images.xcassets in Resources */,
			);
			runOnlyForDeploymentPostprocessing = 0;
		};
		DA3A356D1AE2DF3100C29D16 /* Resources */ = {
			isa = PBXResourcesBuildPhase;
			buildActionMask = 2147483647;
			files = (
			);
			runOnlyForDeploymentPostprocessing = 0;
		};
/* End PBXResourcesBuildPhase section */

/* Begin PBXSourcesBuildPhase section */
		DA3A35521AE2DF3100C29D16 /* Sources */ = {
			isa = PBXSourcesBuildPhase;
			buildActionMask = 2147483647;
			files = (
				DA3A38751AE2E52900C29D16 /* ViewController.m in Sources */,
				DA3A38741AE2E52900C29D16 /* AppDelegate.m in Sources */,
				DA3A355C1AE2DF3100C29D16 /* main.m in Sources */,
			);
			runOnlyForDeploymentPostprocessing = 0;
		};
		DA3A356B1AE2DF3100C29D16 /* Sources */ = {
			isa = PBXSourcesBuildPhase;
			buildActionMask = 2147483647;
			files = (
				DA3A35761AE2DF3100C29D16 /* xcmount_testTests.m in Sources */,
			);
			runOnlyForDeploymentPostprocessing = 0;
		};
/* End PBXSourcesBuildPhase section */

/* Begin PBXTargetDependency section */
		DA3A35711AE2DF3100C29D16 /* PBXTargetDependency */ = {
			isa = PBXTargetDependency;
			target = DA3A35551AE2DF3100C29D16 /* xcmount-test */;
			targetProxy = DA3A35701AE2DF3100C29D16 /* PBXContainerItemProxy */;
		};
/* End PBXTargetDependency section */

/* Begin PBXVariantGroup section */
		DA3A35631AE2DF3100C29D16 /* Main.storyboard */ = {
			isa = PBXVariantGroup;
			children = (
				DA3A35641AE2DF3100C29D16 /* Base */,
			);
			name = Main.storyboard;
			sourceTree = "<group>";
		};
		DA3A35681AE2DF3100C29D16 /* LaunchScreen.xib */ = {
			isa = PBXVariantGroup;
			children = (
				DA3A35691AE2DF3100C29D16 /* Base */,
			);
			name = LaunchScreen.xib;
			sourceTree = "<group>";
		};
/* End PBXVariantGroup section */

/* Begin XCBuildConfiguration section */
		DA3A35771AE2DF3100C29D16 /* Debug */ = {
			isa = XCBuildConfiguration;
			buildSettings = {
				ALWAYS_SEARCH_USER_PATHS = NO;
				CLANG_CXX_LANGUAGE_STANDARD = "gnu++0x";
				CLANG_CXX_LIBRARY = "libc++";
				CLANG_ENABLE_MODULES = YES;
				CLANG_ENABLE_OBJC_ARC = YES;
				CLANG_WARN_BOOL_CONVERSION = YES;
				CLANG_WARN_CONSTANT_CONVERSION = YES;
				CLANG_WARN_DIRECT_OBJC_ISA_USAGE = YES_ERROR;
				CLANG_WARN_EMPTY_BODY = YES;
				CLANG_WARN_ENUM_CONVERSION = YES;
				CLANG_WARN_INT_CONVERSION = YES;
				CLANG_WARN_OBJC_ROOT_CLASS = YES_ERROR;
				CLANG_WARN_UNREACHABLE_CODE = YES;
				CLANG_WARN__DUPLICATE_METHOD_MATCH = YES;
				"CODE_SIGN_IDENTITY[sdk=iphoneos*]" = "iPhone Developer";
				COPY_PHASE_STRIP = NO;
				DEBUG_INFORMATION_FORMAT = "dwarf-with-dsym";
				ENABLE_STRICT_OBJC_MSGSEND = YES;
				GCC_C_LANGUAGE_STANDARD = gnu99;
				GCC_DYNAMIC_NO_PIC = NO;
				GCC_NO_COMMON_BLOCKS = YES;
				GCC_OPTIMIZATION_LEVEL = 0;
				GCC_PREPROCESSOR_DEFINITIONS = (
					"DEBUG=1",
					"$(inherited)",
				);
				GCC_SYMBOLS_PRIVATE_EXTERN = NO;
				GCC_WARN_64_TO_32_BIT_CONVERSION = YES;
				GCC_WARN_ABOUT_RETURN_TYPE = YES_ERROR;
				GCC_WARN_UNDECLARED_SELECTOR = YES;
				GCC_WARN_UNINITIALIZED_AUTOS = YES_AGGRESSIVE;
				GCC_WARN_UNUSED_FUNCTION = YES;
				GCC_WARN_UNUSED_VARIABLE = YES;
				IPHONEOS_DEPLOYMENT_TARGET = 8.3;
				MTL_ENABLE_DEBUG_INFO = YES;
				ONLY_ACTIVE_ARCH = YES;
				SDKROOT = iphoneos;
			};
			name = Debug;
		};
		DA3A35781AE2DF3100C29D16 /* Release */ = {
			isa = XCBuildConfiguration;
			buildSettings = {
				ALWAYS_SEARCH_USER_PATHS = NO;
				CLANG_CXX_LANGUAGE_STANDARD = "gnu++0x";
				CLANG_CXX_LIBRARY = "libc++";
				CLANG_ENABLE_MODULES = YES;
				CLANG_ENABLE_OBJC_ARC = YES;
				CLANG_WARN_BOOL_CONVERSION = YES;
				CLANG_WARN_CONSTANT_CONVERSION = YES;
				CLANG_WARN_DIRECT_OBJC_ISA_USAGE = YES_ERROR;
				CLANG_WARN_EMPTY_BODY = YES;
				CLANG_WARN_ENUM_CONVERSION = YES;
				CLANG_WARN_INT_CONVERSION = YES;
				CLANG_WARN_OBJC_ROOT_CLASS = YES_ERROR;
				CLANG_WARN_UNREACHABLE_CODE = YES;
				CLANG_WARN__DUPLICATE_METHOD_MATCH = YES;
				"CODE_SIGN_IDENTITY[sdk=iphoneos*]" = "iPhone Developer";
				COPY_PHASE_STRIP = NO;
				DEBUG_INFORMATION_FORMAT = "dwarf-with-dsym";
				ENABLE_NS_ASSERTIONS = NO;
				ENABLE_STRICT_OBJC_MSGSEND = YES;
				GCC_C_LANGUAGE_STANDARD = gnu99;
				GCC_NO_COMMON_BLOCKS = YES;
				GCC_WARN_64_TO_32_BIT_CONVERSION = YES;
				GCC_WARN_ABOUT_RETURN_TYPE = YES_ERROR;
				GCC_WARN_UNDECLARED_SELECTOR = YES;
				GCC_WARN_UNINITIALIZED_AUTOS = YES_AGGRESSIVE;
				GCC_WARN_UNUSED_FUNCTION = YES;
				GCC_WARN_UNUSED_VARIABLE = YES;
				IPHONEOS_DEPLOYMENT_TARGET = 8.3;
				MTL_ENABLE_DEBUG_INFO = NO;
				SDKROOT = iphoneos;
				VALIDATE_PRODUCT = YES;
			};
			name = Release;
		};
		DA3A357A1AE2DF3100C29D16 /* Debug */ = {
			isa = XCBuildConfiguration;
			buildSettings = {
				ASSETCATALOG_COMPILER_APPICON_NAME = AppIcon;
				INFOPLIST_FILE = "xcmount-test/Info.plist";
				LD_RUNPATH_SEARCH_PATHS = "$(inherited) @executable_path/Frameworks";
				PRODUCT_NAME = "$(TARGET_NAME)";
			};
			name = Debug;
		};
		DA3A357B1AE2DF3100C29D16 /* Release */ = {
			isa = XCBuildConfiguration;
			buildSettings = {
				ASSETCATALOG_COMPILER_APPICON_NAME = AppIcon;
				INFOPLIST_FILE = "xcmount-test/Info.plist";
				LD_RUNPATH_SEARCH_PATHS = "$(inherited) @executable_path/Frameworks";
				PRODUCT_NAME = "$(TARGET_NAME)";
			};
			name = Release;
		};
		DA3A357D1AE2DF3100C29D16 /* Debug */ = {
			isa = XCBuildConfiguration;
			buildSettings = {
				BUNDLE_LOADER = "$(TEST_HOST)";
				FRAMEWORK_SEARCH_PATHS = (
					"$(SDKROOT)/Developer/Library/Frameworks",
					"$(inherited)",
				);
				GCC_PREPROCESSOR_DEFINITIONS = (
					"DEBUG=1",
					"$(inherited)",
				);
				INFOPLIST_FILE = "xcmount-testTests/Info.plist";
				LD_RUNPATH_SEARCH_PATHS = "$(inherited) @executable_path/Frameworks @loader_path/Frameworks";
				PRODUCT_NAME = "$(TARGET_NAME)";
				TEST_HOST = "$(BUILT_PRODUCTS_DIR)/xcmount-test.app/xcmount-test";
			};
			name = Debug;
		};
		DA3A357E1AE2DF3100C29D16 /* Release */ = {
			isa = XCBuildConfiguration;
			buildSettings = {
				BUNDLE_LOADER = "$(TEST_HOST)";
				FRAMEWORK_SEARCH_PATHS = (
					"$(SDKROOT)/Developer/Library/Frameworks",
					"$(inherited)",
				);
				INFOPLIST_FILE = "xcmount-testTests/Info.plist";
				LD_RUNPATH_SEARCH_PATHS = "$(inherited) @executable_path/Frameworks @loader_path/Frameworks";
				PRODUCT_NAME = "$(TARGET_NAME)";
				TEST_HOST = "$(BUILT_PRODUCTS_DIR)/xcmount-test.app/xcmount-test";
			};
			name = Release;
		};
/* End XCBuildConfiguration section */

/* Begin XCConfigurationList section */
		DA3A35511AE2DF3100C29D16 /* Build configuration list for PBXProject "xcmount-test" */ = {
			isa = XCConfigurationList;
			buildConfigurations = (
				DA3A35771AE2DF3100C29D16 /* Debug */,
				DA3A35781AE2DF3100C29D16 /* Release */,
			);
			defaultConfigurationIsVisible = 0;
			defaultConfigurationName = Release;
		};
		DA3A35791AE2DF3100C29D16 /* Build configuration list for PBXNativeTarget "xcmount-test" */ = {
			isa = XCConfigurationList;
			buildConfigurations = (
				DA3A357A1AE2DF3100C29D16 /* Debug */,
				DA3A357B1AE2DF3100C29D16 /* Release */,
			);
			defaultConfigurationIsVisible = 0;
			defaultConfigurationName = Release;
		};
		DA3A357C1AE2DF3100C29D16 /* Build configuration list for PBXNativeTarget "xcmount-testTests" */ = {
			isa = XCConfigurationList;
			buildConfigurations = (
				DA3A357D1AE2DF3100C29D16 /* Debug */,
				DA3A357E1AE2DF3100C29D16 /* Release */,
			);
			defaultConfigurationIsVisible = 0;
			defaultConfigurationName = Release;
		};
/* End XCConfigurationList section */
	};
	rootObject = DA3A354E1AE2DF3100C29D16 /* Project object */;
}
