<?xml version="1.0" encoding="UTF-8"?>
<!DOCTYPE plist PUBLIC "-//Apple//DTD PLIST 1.0//EN" "http://www.apple.com/DTDs/PropertyList-1.0.dtd">
<plist version="1.0">
<dict>
	<key>archiveVersion</key>
	<string>1</string>
	<key>classes</key>
	<dict/>
	<key>objectVersion</key>
	<string>46</string>
	<key>objects</key>
	<dict>
		<key>0080A845BB574E92B27851B5</key>
		<dict>
			<key>isa</key>
			<string>PBXFileReference</string>
			<key>path</key>
			<string>PASTreeBuilderSpec.m</string>
			<key>sourceTree</key>
			<string>&lt;group&gt;</string>
		</dict>
		<key>00D91B58DECC428FB74342F4</key>
		<dict>
			<key>isa</key>
			<string>PBXFileReference</string>
			<key>path</key>
			<string>PASObjectFactorySpec.m</string>
			<key>sourceTree</key>
			<string>&lt;group&gt;</string>
		</dict>
		<key>0483EB2B360845399B695104</key>
		<dict>
			<key>isa</key>
			<string>PBXFileReference</string>
			<key>path</key>
			<string>NSArray+PASEnumeration.h</string>
			<key>sourceTree</key>
			<string>&lt;group&gt;</string>
		</dict>
		<key>07115DBE9EA749DF9CF2F8D7</key>
		<dict>
			<key>fileRef</key>
			<string>5477E735DF414D669946DCE8</string>
			<key>isa</key>
			<string>PBXBuildFile</string>
		</dict>
		<key>0974F1B3587945A7B704FBED</key>
		<dict>
			<key>isa</key>
			<string>PBXFileReference</string>
			<key>path</key>
			<string>PASUUIDGeneratorSpec.m</string>
			<key>sourceTree</key>
			<string>&lt;group&gt;</string>
		</dict>
		<key>0C224E46F32343489C7B0C74</key>
		<dict>
			<key>isa</key>
			<string>PBXFileReference</string>
			<key>path</key>
			<string>PASConfigurationSpec.m</string>
			<key>sourceTree</key>
			<string>&lt;group&gt;</string>
		</dict>
		<key>1127CC9742F04A0DB54E0566</key>
		<dict>
			<key>fileRef</key>
			<string>374B0FBE4FD34928A968C82E</string>
			<key>isa</key>
			<string>PBXBuildFile</string>
		</dict>
		<key>11BE7177E4DC485B8561E55D</key>
		<dict>
			<key>fileRef</key>
			<string>722EB2CF03FA432495E3EE9A</string>
			<key>isa</key>
			<string>PBXBuildFile</string>
		</dict>
		<key>128ED922B4E147739EEAA93A</key>
		<dict>
			<key>children</key>
			<array>
				<string>DBC4A374001D4F6FB06C4FF2</string>
				<string>4881F3F747FA449FA2ECC706</string>
			</array>
			<key>isa</key>
			<string>PBXGroup</string>
			<key>name</key>
			<string>PASDismounter</string>
			<key>path</key>
			<string>PASDismounter</string>
			<key>sourceTree</key>
			<string>&lt;group&gt;</string>
		</dict>
		<key>12FC41CBEF9C48C68C08F0B1</key>
		<dict>
			<key>fileRef</key>
			<string>20F1A31267344A9F9D3BBF78</string>
			<key>isa</key>
			<string>PBXBuildFile</string>
		</dict>
		<key>17DFE81E58934B0190E366E2</key>
		<dict>
			<key>children</key>
			<array>
				<string>0C224E46F32343489C7B0C74</string>
				<string>20F1A31267344A9F9D3BBF78</string>
				<string>ECB376BA32C2448BB9E5ED56</string>
				<string>8D6483FF33C34E82A220F964</string>
				<string>00D91B58DECC428FB74342F4</string>
				<string>6001C6FF70C24C1B853BDAC7</string>
				<string>2AD4EB53FB2D4DDA84720D7B</string>
				<string>0080A845BB574E92B27851B5</string>
				<string>722EB2CF03FA432495E3EE9A</string>
			</array>
			<key>isa</key>
			<string>PBXGroup</string>
			<key>name</key>
			<string>Models</string>
			<key>path</key>
			<string>Models</string>
			<key>sourceTree</key>
			<string>&lt;group&gt;</string>
		</dict>
		<key>1E2C5F04DF2E46E39119DC04</key>
		<dict>
			<key>children</key>
			<array>
				<string>92D51234E3394F9BACC2A94B</string>
				<string>B7C375B6CB0D47BFA578A0CF</string>
			</array>
			<key>isa</key>
			<string>PBXGroup</string>
			<key>name</key>
			<string>PASObjectFinder</string>
			<key>path</key>
			<string>PASObjectFinder</string>
			<key>sourceTree</key>
			<string>&lt;group&gt;</string>
		</dict>
		<key>1FDFD3E33173133589923305</key>
		<dict>
			<key>children</key>
			<array>
				<string>363263609979FA12102EF38D</string>
			</array>
			<key>isa</key>
			<string>PBXGroup</string>
			<key>name</key>
			<string>Frameworks</string>
			<key>sourceTree</key>
			<string>&lt;group&gt;</string>
		</dict>
		<key>203E48EFBEF5445686A322D4</key>
		<dict>
			<key>isa</key>
			<string>PBXFileReference</string>
			<key>path</key>
			<string>NSMutableArray+PASEnumeration.m</string>
			<key>sourceTree</key>
			<string>&lt;group&gt;</string>
		</dict>
		<key>20F1A31267344A9F9D3BBF78</key>
		<dict>
			<key>isa</key>
			<string>PBXFileReference</string>
			<key>path</key>
			<string>PASDecoratorSpec.m</string>
			<key>sourceTree</key>
			<string>&lt;group&gt;</string>
		</dict>
		<key>2693EB96A3AC4DB38CE4D47C</key>
		<dict>
			<key>children</key>
			<array>
				<string>0483EB2B360845399B695104</string>
				<string>8838975D37634D7BB31365B7</string>
			</array>
			<key>isa</key>
			<string>PBXGroup</string>
			<key>name</key>
			<string>NSArray</string>
			<key>path</key>
			<string>NSArray</string>
			<key>sourceTree</key>
			<string>&lt;group&gt;</string>
		</dict>
		<key>28251B29D2964BB99605862A</key>
		<dict>
			<key>fileRef</key>
			<string>00D91B58DECC428FB74342F4</string>
			<key>isa</key>
			<string>PBXBuildFile</string>
		</dict>
		<key>295DB71460034758BC89501E</key>
		<dict>
			<key>fileRef</key>
			<string>A76BF33ADCA14137ABF6E023</string>
			<key>isa</key>
			<string>PBXBuildFile</string>
		</dict>
		<key>2AD4EB53FB2D4DDA84720D7B</key>
		<dict>
			<key>isa</key>
			<string>PBXFileReference</string>
			<key>path</key>
			<string>PASRubyErrorFormatterSpec.m</string>
			<key>sourceTree</key>
			<string>&lt;group&gt;</string>
		</dict>
		<key>2E15A2D4C6EE4D1CADFA3E2A</key>
		<dict>
			<key>isa</key>
			<string>PBXFileReference</string>
			<key>path</key>
			<string>PASTreeSorter.h</string>
			<key>sourceTree</key>
			<string>&lt;group&gt;</string>
		</dict>
		<key>2E743393B16341E189D1937C</key>
		<dict>
			<key>children</key>
			<array>
				<string>0974F1B3587945A7B704FBED</string>
			</array>
			<key>isa</key>
			<string>PBXGroup</string>
			<key>name</key>
			<string>Helpers</string>
			<key>path</key>
			<string>Helpers</string>
			<key>sourceTree</key>
			<string>&lt;group&gt;</string>
		</dict>
		<key>2E95838219CA4DD1B7605380</key>
		<dict>
			<key>fileRef</key>
			<string>EFEDEBE6E251480E9016B768</string>
			<key>isa</key>
			<string>PBXBuildFile</string>
		</dict>
		<key>327CB102A2634B89A3F2C1E1</key>
		<dict>
			<key>children</key>
			<array>
				<string>AA7576F8C8C64EE2874A9B38</string>
				<string>374B0FBE4FD34928A968C82E</string>
			</array>
			<key>isa</key>
			<string>PBXGroup</string>
			<key>name</key>
			<string>PASRubyErrorFormatter</string>
			<key>path</key>
			<string>PASRubyErrorFormatter</string>
			<key>sourceTree</key>
			<string>&lt;group&gt;</string>
		</dict>
		<key>363263609979FA12102EF38D</key>
		<dict>
			<key>explicitFileType</key>
			<string>archive.ar</string>
			<key>includeInIndex</key>
			<string>0</string>
			<key>isa</key>
			<string>PBXFileReference</string>
			<key>path</key>
			<string>libPods-Specs.a</string>
			<key>sourceTree</key>
			<string>BUILT_PRODUCTS_DIR</string>
		</dict>
		<key>374B0FBE4FD34928A968C82E</key>
		<dict>
			<key>isa</key>
			<string>PBXFileReference</string>
			<key>path</key>
			<string>PASRubyErrorFormatter.m</string>
			<key>sourceTree</key>
			<string>&lt;group&gt;</string>
		</dict>
		<key>38B59AFD51ED4106B4704FA8</key>
		<dict>
			<key>isa</key>
			<string>PBXFileReference</string>
			<key>path</key>
			<string>PASXcmountfileParser.h</string>
			<key>sourceTree</key>
			<string>&lt;group&gt;</string>
		</dict>
		<key>39ED1739657C43E5A808D646</key>
		<dict>
			<key>isa</key>
			<string>PBXFileReference</string>
			<key>path</key>
			<string>NSMutableArray+PASEnumeration.h</string>
			<key>sourceTree</key>
			<string>&lt;group&gt;</string>
		</dict>
		<key>419BE6AF8D21824274E8E3CF</key>
		<dict>
			<key>buildActionMask</key>
			<string>2147483647</string>
			<key>files</key>
			<array/>
			<key>inputPaths</key>
			<array/>
			<key>isa</key>
			<string>PBXShellScriptBuildPhase</string>
			<key>name</key>
			<string>Copy Pods Resources</string>
			<key>outputPaths</key>
			<array/>
			<key>runOnlyForDeploymentPostprocessing</key>
			<string>0</string>
			<key>shellPath</key>
			<string>/bin/sh</string>
			<key>shellScript</key>
			<string>"${SRCROOT}/Pods/Target Support Files/Pods-Specs/Pods-Specs-resources.sh"
</string>
			<key>showEnvVarsInLog</key>
			<string>0</string>
		</dict>
		<key>45BC8459EFFF4C1E91236121</key>
		<dict>
			<key>children</key>
			<array>
				<string>A2E0A3DFF3CB4638B100AC9F</string>
				<string>D8BB7EB0218441D2B0B1CAC5</string>
				<string>2E743393B16341E189D1937C</string>
				<string>17DFE81E58934B0190E366E2</string>
			</array>
			<key>isa</key>
			<string>PBXGroup</string>
			<key>path</key>
			<string>Source</string>
			<key>sourceTree</key>
			<string>&lt;group&gt;</string>
		</dict>
		<key>4881F3F747FA449FA2ECC706</key>
		<dict>
			<key>isa</key>
			<string>PBXFileReference</string>
			<key>path</key>
			<string>PASDismounter.m</string>
			<key>sourceTree</key>
			<string>&lt;group&gt;</string>
		</dict>
		<key>4E390F5811954017B1A98194</key>
		<dict>
			<key>children</key>
			<array>
				<string>38B59AFD51ED4106B4704FA8</string>
				<string>735BDB51092345B791C8AE71</string>
			</array>
			<key>isa</key>
			<string>PBXGroup</string>
			<key>name</key>
			<string>PASXcmountfileParser</string>
			<key>path</key>
			<string>PASXcmountfileParser</string>
			<key>sourceTree</key>
			<string>&lt;group&gt;</string>
		</dict>
		<key>4F16CD20578B43FB91614715</key>
		<dict>
			<key>fileRef</key>
			<string>DE7F5A3D264B43C384A1B4BF</string>
			<key>isa</key>
			<string>PBXBuildFile</string>
		</dict>
		<key>546AAFBCD83E4CC0B18B4263</key>
		<dict>
			<key>fileRef</key>
			<string>B7C375B6CB0D47BFA578A0CF</string>
			<key>isa</key>
			<string>PBXBuildFile</string>
		</dict>
		<key>5477E735DF414D669946DCE8</key>
		<dict>
			<key>isa</key>
			<string>PBXFileReference</string>
			<key>path</key>
			<string>PASConfiguration.m</string>
			<key>sourceTree</key>
			<string>&lt;group&gt;</string>
		</dict>
		<key>55C1BAAD09714AD1980E2808</key>
		<dict>
			<key>isa</key>
			<string>PBXFileReference</string>
			<key>path</key>
			<string>NSMutableDictionary+PBXAccessors.m</string>
			<key>sourceTree</key>
			<string>&lt;group&gt;</string>
		</dict>
		<key>58B0EFB9BBC8F53E45F53D34</key>
		<dict>
			<key>buildActionMask</key>
			<string>2147483647</string>
			<key>files</key>
			<array/>
			<key>inputPaths</key>
			<array/>
			<key>isa</key>
			<string>PBXShellScriptBuildPhase</string>
			<key>name</key>
			<string>Check Pods Manifest.lock</string>
			<key>outputPaths</key>
			<array/>
			<key>runOnlyForDeploymentPostprocessing</key>
			<string>0</string>
			<key>shellPath</key>
			<string>/bin/sh</string>
			<key>shellScript</key>
			<string>diff "${PODS_ROOT}/../Podfile.lock" "${PODS_ROOT}/Manifest.lock" &gt; /dev/null
if [[ $? != 0 ]] ; then
    cat &lt;&lt; EOM
error: The sandbox is not in sync with the Podfile.lock. Run 'pod install' or update your CocoaPods installation.
EOM
    exit 1
fi
</string>
			<key>showEnvVarsInLog</key>
			<string>0</string>
		</dict>
		<key>59223FA2065F91A1B7BB36B0</key>
		<dict>
			<key>includeInIndex</key>
			<string>1</string>
			<key>isa</key>
			<string>PBXFileReference</string>
			<key>lastKnownFileType</key>
			<string>text.xcconfig</string>
			<key>name</key>
			<string>Pods-Specs.debug.xcconfig</string>
			<key>path</key>
			<string>Pods/Target Support Files/Pods-Specs/Pods-Specs.debug.xcconfig</string>
			<key>sourceTree</key>
			<string>&lt;group&gt;</string>
		</dict>
		<key>5A06CFF450BB9505FAFB704F</key>
		<dict>
			<key>fileRef</key>
			<string>363263609979FA12102EF38D</string>
			<key>isa</key>
			<string>PBXBuildFile</string>
		</dict>
		<key>5B911C3ED6ED47F1AADB28FC</key>
		<dict>
			<key>fileRef</key>
			<string>6001C6FF70C24C1B853BDAC7</string>
			<key>isa</key>
			<string>PBXBuildFile</string>
		</dict>
		<key>6001C6FF70C24C1B853BDAC7</key>
		<dict>
			<key>isa</key>
			<string>PBXFileReference</string>
			<key>path</key>
			<string>PASObjectFinderSpec.m</string>
			<key>sourceTree</key>
			<string>&lt;group&gt;</string>
		</dict>
		<key>606C86C5850A427EBDAD946B</key>
		<dict>
			<key>children</key>
			<array>
				<string>62456DB8E4DC4734BD39675A</string>
				<string>81ED3C2C2D95409ABC94807A</string>
			</array>
			<key>isa</key>
			<string>PBXGroup</string>
			<key>name</key>
			<string>PASMounter</string>
			<key>path</key>
			<string>PASMounter</string>
			<key>sourceTree</key>
			<string>&lt;group&gt;</string>
		</dict>
		<key>6079D74E6CD944DA976B204B</key>
		<dict>
			<key>isa</key>
			<string>PBXFileReference</string>
			<key>path</key>
			<string>NSMutableDictionary+PBXAccessors.h</string>
			<key>sourceTree</key>
			<string>&lt;group&gt;</string>
		</dict>
		<key>6099923C976244499B713F1B</key>
		<dict>
			<key>fileRef</key>
			<string>2AD4EB53FB2D4DDA84720D7B</string>
			<key>isa</key>
			<string>PBXBuildFile</string>
		</dict>
		<key>62456DB8E4DC4734BD39675A</key>
		<dict>
			<key>isa</key>
			<string>PBXFileReference</string>
			<key>path</key>
			<string>PASMounter.h</string>
			<key>sourceTree</key>
			<string>&lt;group&gt;</string>
		</dict>
		<key>650CF72AF73840A285D3F0FC</key>
		<dict>
			<key>isa</key>
			<string>PBXFileReference</string>
			<key>path</key>
			<string>NSMutableArray_PASEnumerationSpec.m</string>
			<key>sourceTree</key>
			<string>&lt;group&gt;</string>
		</dict>
		<key>6577F580A048486B91D821FD</key>
		<dict>
			<key>isa</key>
			<string>PBXFileReference</string>
			<key>path</key>
			<string>PASConfiguration.h</string>
			<key>sourceTree</key>
			<string>&lt;group&gt;</string>
		</dict>
		<key>65CABC6913EC4E0B8BB7CF3C</key>
		<dict>
			<key>children</key>
			<array>
				<string>6577F580A048486B91D821FD</string>
				<string>5477E735DF414D669946DCE8</string>
			</array>
			<key>isa</key>
			<string>PBXGroup</string>
			<key>name</key>
			<string>PASConfiguration</string>
			<key>path</key>
			<string>PASConfiguration</string>
			<key>sourceTree</key>
			<string>&lt;group&gt;</string>
		</dict>
		<key>6B326320EE554DCFAC6DE474</key>
		<dict>
			<key>isa</key>
			<string>PBXFileReference</string>
			<key>path</key>
			<string>PASObjectFactory.m</string>
			<key>sourceTree</key>
			<string>&lt;group&gt;</string>
		</dict>
		<key>6E4AC60C87254EDEBA8222EA</key>
		<dict>
			<key>isa</key>
			<string>PBXFileReference</string>
			<key>path</key>
			<string>NSMutableDictionary+PASEnumeration.h</string>
			<key>sourceTree</key>
			<string>&lt;group&gt;</string>
		</dict>
		<key>7100DB6BFE214BE4AB81DBFC</key>
		<dict>
			<key>isa</key>
			<string>PBXFileReference</string>
			<key>path</key>
			<string>PASConstants.h</string>
			<key>sourceTree</key>
			<string>&lt;group&gt;</string>
		</dict>
		<key>722EB2CF03FA432495E3EE9A</key>
		<dict>
			<key>isa</key>
			<string>PBXFileReference</string>
			<key>path</key>
			<string>PASTreeSorterSpec.m</string>
			<key>sourceTree</key>
			<string>&lt;group&gt;</string>
		</dict>
		<key>7279667E1BAC439C9B7B6ECD</key>
		<dict>
			<key>isa</key>
			<string>PBXFileReference</string>
			<key>path</key>
			<string>PASTreeSorter.m</string>
			<key>sourceTree</key>
			<string>&lt;group&gt;</string>
		</dict>
		<key>735BDB51092345B791C8AE71</key>
		<dict>
			<key>isa</key>
			<string>PBXFileReference</string>
			<key>path</key>
			<string>PASXcmountfileParser.m</string>
			<key>sourceTree</key>
			<string>&lt;group&gt;</string>
		</dict>
		<key>79F157A2398246F794C36CF0</key>
		<dict>
			<key>fileRef</key>
			<string>735BDB51092345B791C8AE71</string>
			<key>isa</key>
			<string>PBXBuildFile</string>
		</dict>
		<key>7F08F5FCA05B471CB50AA215</key>
		<dict>
			<key>fileRef</key>
			<string>ECB376BA32C2448BB9E5ED56</string>
			<key>isa</key>
			<string>PBXBuildFile</string>
		</dict>
		<key>81ED3C2C2D95409ABC94807A</key>
		<dict>
			<key>isa</key>
			<string>PBXFileReference</string>
			<key>path</key>
			<string>PASMounter.m</string>
			<key>sourceTree</key>
			<string>&lt;group&gt;</string>
		</dict>
		<key>847EED9FD8474FE4BA9A6CAA</key>
		<dict>
			<key>children</key>
			<array>
				<string>CDFA3F58549C43118FD00FB1</string>
				<string>C46493DEF49845BBB240E89B</string>
			</array>
			<key>isa</key>
			<string>PBXGroup</string>
			<key>name</key>
			<string>PASTreeBuilder</string>
			<key>path</key>
			<string>PASTreeBuilder</string>
			<key>sourceTree</key>
			<string>&lt;group&gt;</string>
		</dict>
		<key>8838975D37634D7BB31365B7</key>
		<dict>
			<key>isa</key>
			<string>PBXFileReference</string>
			<key>path</key>
			<string>NSArray+PASEnumeration.m</string>
			<key>sourceTree</key>
			<string>&lt;group&gt;</string>
		</dict>
		<key>8D6483FF33C34E82A220F964</key>
		<dict>
			<key>isa</key>
			<string>PBXFileReference</string>
			<key>path</key>
			<string>PASMounterSpec.m</string>
			<key>sourceTree</key>
			<string>&lt;group&gt;</string>
		</dict>
		<key>92D51234E3394F9BACC2A94B</key>
		<dict>
			<key>isa</key>
			<string>PBXFileReference</string>
			<key>path</key>
			<string>PASObjectFinder.h</string>
			<key>sourceTree</key>
			<string>&lt;group&gt;</string>
		</dict>
		<key>93F5980FCAA74145B476EE23</key>
		<dict>
			<key>isa</key>
			<string>PBXFileReference</string>
			<key>path</key>
			<string>PASObjectFactory.h</string>
			<key>sourceTree</key>
			<string>&lt;group&gt;</string>
		</dict>
		<key>94D4F98F25FD46CDA1F6643B</key>
		<dict>
			<key>fileRef</key>
			<string>203E48EFBEF5445686A322D4</string>
			<key>isa</key>
			<string>PBXBuildFile</string>
		</dict>
		<key>96870457F3BB4D6596C41E9F</key>
		<dict>
			<key>isa</key>
			<string>PBXFileReference</string>
			<key>path</key>
			<string>NSMutableDictionary+PASEnumeration.m</string>
			<key>sourceTree</key>
			<string>&lt;group&gt;</string>
		</dict>
		<key>98BF468D92654EE4BB460D59</key>
		<dict>
			<key>fileRef</key>
			<string>8838975D37634D7BB31365B7</string>
			<key>isa</key>
			<string>PBXBuildFile</string>
		</dict>
		<key>9C2A9036F5384E448DED6077</key>
		<dict>
			<key>fileRef</key>
			<string>650CF72AF73840A285D3F0FC</string>
			<key>isa</key>
			<string>PBXBuildFile</string>
		</dict>
		<key>A0F4D89BEDE54A499AD8BEB2</key>
		<dict>
			<key>fileRef</key>
			<string>7279667E1BAC439C9B7B6ECD</string>
			<key>isa</key>
			<string>PBXBuildFile</string>
		</dict>
		<key>A14636BADFD247B48C0FEBD4</key>
		<dict>
			<key>fileRef</key>
			<string>4881F3F747FA449FA2ECC706</string>
			<key>isa</key>
			<string>PBXBuildFile</string>
		</dict>
		<key>A2E0A3DFF3CB4638B100AC9F</key>
		<dict>
			<key>children</key>
			<array>
				<string>EB8BCA583DFD4D6A8525AD63</string>
				<string>650CF72AF73840A285D3F0FC</string>
				<string>DE7F5A3D264B43C384A1B4BF</string>
			</array>
			<key>isa</key>
			<string>PBXGroup</string>
			<key>name</key>
			<string>Categories</string>
			<key>path</key>
			<string>Categories</string>
			<key>sourceTree</key>
			<string>&lt;group&gt;</string>
		</dict>
		<key>A76BF33ADCA14137ABF6E023</key>
		<dict>
			<key>isa</key>
			<string>PBXFileReference</string>
			<key>path</key>
			<string>PASDecorator.m</string>
			<key>sourceTree</key>
			<string>&lt;group&gt;</string>
		</dict>
		<key>A965368AEDBD408AB0723334</key>
		<dict>
			<key>children</key>
			<array>
				<string>FC710EC63BC147AB9186B93C</string>
				<string>A76BF33ADCA14137ABF6E023</string>
			</array>
			<key>isa</key>
			<string>PBXGroup</string>
			<key>name</key>
			<string>PASDecorator</string>
			<key>path</key>
			<string>PASDecorator</string>
			<key>sourceTree</key>
			<string>&lt;group&gt;</string>
		</dict>
		<key>AA7576F8C8C64EE2874A9B38</key>
		<dict>
			<key>isa</key>
			<string>PBXFileReference</string>
			<key>path</key>
			<string>PASRubyErrorFormatter.h</string>
			<key>sourceTree</key>
			<string>&lt;group&gt;</string>
		</dict>
		<key>AE7D64B7E62E4C2CB600BE1D</key>
		<dict>
			<key>fileRef</key>
			<string>C46493DEF49845BBB240E89B</string>
			<key>isa</key>
			<string>PBXBuildFile</string>
		</dict>
		<key>B0A50657D81842A89D051E02</key>
		<dict>
			<key>fileRef</key>
			<string>81ED3C2C2D95409ABC94807A</string>
			<key>isa</key>
			<string>PBXBuildFile</string>
		</dict>
		<key>B19ADF3E48D249EEBF980CE3</key>
		<dict>
			<key>children</key>
			<array>
				<string>45BC8459EFFF4C1E91236121</string>
				<string>DAB4B5E01AE4268100B62F67</string>
			</array>
			<key>isa</key>
			<string>PBXGroup</string>
			<key>path</key>
			<string>Specs</string>
			<key>sourceTree</key>
			<string>&lt;group&gt;</string>
		</dict>
		<key>B2F96C7889B645A998D978E0</key>
		<dict>
			<key>children</key>
			<array>
				<string>7100DB6BFE214BE4AB81DBFC</string>
				<string>EFEDEBE6E251480E9016B768</string>
			</array>
			<key>isa</key>
			<string>PBXGroup</string>
			<key>name</key>
			<string>Constants</string>
			<key>path</key>
			<string>Constants</string>
			<key>sourceTree</key>
			<string>&lt;group&gt;</string>
		</dict>
		<key>B382C4288D6B4D6282355761</key>
		<dict>
			<key>children</key>
			<array>
				<string>93F5980FCAA74145B476EE23</string>
				<string>6B326320EE554DCFAC6DE474</string>
			</array>
			<key>isa</key>
			<string>PBXGroup</string>
			<key>name</key>
			<string>PASObjectFactory</string>
			<key>path</key>
			<string>PASObjectFactory</string>
			<key>sourceTree</key>
			<string>&lt;group&gt;</string>
		</dict>
		<key>B54D55F48D7A4E4C8B6762D2</key>
		<dict>
			<key>fileRef</key>
			<string>0C224E46F32343489C7B0C74</string>
			<key>isa</key>
			<string>PBXBuildFile</string>
		</dict>
		<key>B7C375B6CB0D47BFA578A0CF</key>
		<dict>
			<key>isa</key>
			<string>PBXFileReference</string>
			<key>path</key>
			<string>PASObjectFinder.m</string>
			<key>sourceTree</key>
			<string>&lt;group&gt;</string>
		</dict>
		<key>BF647C5A49104A0E8838582B</key>
		<dict>
			<key>fileRef</key>
			<string>0080A845BB574E92B27851B5</string>
			<key>isa</key>
			<string>PBXBuildFile</string>
		</dict>
		<key>C46493DEF49845BBB240E89B</key>
		<dict>
			<key>isa</key>
			<string>PBXFileReference</string>
			<key>path</key>
			<string>PASTreeBuilder.m</string>
			<key>sourceTree</key>
			<string>&lt;group&gt;</string>
		</dict>
		<key>C48EE63C8A0E4DFC9C74C12B</key>
		<dict>
			<key>fileRef</key>
			<string>6B326320EE554DCFAC6DE474</string>
			<key>isa</key>
			<string>PBXBuildFile</string>
		</dict>
		<key>C7AA2BA7A09B40F98B7E9A28</key>
		<dict>
			<key>fileRef</key>
			<string>FBB60A98EDFE47E6B4544BA5</string>
			<key>isa</key>
			<string>PBXBuildFile</string>
		</dict>
		<key>C89C44E978074D10AF6AC491</key>
		<dict>
			<key>children</key>
			<array>
				<string>6E4AC60C87254EDEBA8222EA</string>
				<string>96870457F3BB4D6596C41E9F</string>
				<string>6079D74E6CD944DA976B204B</string>
				<string>55C1BAAD09714AD1980E2808</string>
			</array>
			<key>isa</key>
			<string>PBXGroup</string>
			<key>name</key>
			<string>NSMutableDictionary</string>
			<key>path</key>
			<string>NSMutableDictionary</string>
			<key>sourceTree</key>
			<string>&lt;group&gt;</string>
		</dict>
		<key>CA66B36D50814930BA668F23</key>
		<dict>
			<key>children</key>
			<array>
				<string>2E15A2D4C6EE4D1CADFA3E2A</string>
				<string>7279667E1BAC439C9B7B6ECD</string>
			</array>
			<key>isa</key>
			<string>PBXGroup</string>
			<key>name</key>
			<string>PASTreeSorter</string>
			<key>path</key>
			<string>PASTreeSorter</string>
			<key>sourceTree</key>
			<string>&lt;group&gt;</string>
		</dict>
		<key>CDFA3F58549C43118FD00FB1</key>
		<dict>
			<key>isa</key>
			<string>PBXFileReference</string>
			<key>path</key>
			<string>PASTreeBuilder.h</string>
			<key>sourceTree</key>
			<string>&lt;group&gt;</string>
		</dict>
		<key>CEC8EEE578284F41B0DC11C5</key>
		<dict>
			<key>children</key>
			<array>
				<string>E235094C86AF4E3DB95011DB</string>
			</array>
			<key>isa</key>
			<string>PBXGroup</string>
			<key>name</key>
			<string>Helpers</string>
			<key>path</key>
			<string>Helpers</string>
			<key>sourceTree</key>
			<string>&lt;group&gt;</string>
		</dict>
		<key>D2C539565C044E7AB22DF62F</key>
		<dict>
			<key>fileRef</key>
			<string>0974F1B3587945A7B704FBED</string>
			<key>isa</key>
			<string>PBXBuildFile</string>
		</dict>
		<key>D4B1E3EBF3EC40E9AB1E0D47</key>
		<dict>
			<key>children</key>
			<array>
				<string>39ED1739657C43E5A808D646</string>
				<string>203E48EFBEF5445686A322D4</string>
			</array>
			<key>isa</key>
			<string>PBXGroup</string>
			<key>name</key>
			<string>NSMutableArray</string>
			<key>path</key>
			<string>NSMutableArray</string>
			<key>sourceTree</key>
			<string>&lt;group&gt;</string>
		</dict>
		<key>D62EF4425E1444348B0A9EDF</key>
		<dict>
			<key>fileRef</key>
			<string>96870457F3BB4D6596C41E9F</string>
			<key>isa</key>
			<string>PBXBuildFile</string>
		</dict>
		<key>D8BB7EB0218441D2B0B1CAC5</key>
		<dict>
			<key>children</key>
			<array>
				<string>FBB60A98EDFE47E6B4544BA5</string>
			</array>
			<key>isa</key>
			<string>PBXGroup</string>
			<key>name</key>
			<string>Constants</string>
			<key>path</key>
			<string>Constants</string>
			<key>sourceTree</key>
			<string>&lt;group&gt;</string>
		</dict>
		<key>DA3A29BB1AE2AC3F00C29D16</key>
		<dict>
			<key>buildActionMask</key>
			<string>2147483647</string>
			<key>files</key>
			<array>
				<string>98BF468D92654EE4BB460D59</string>
				<string>94D4F98F25FD46CDA1F6643B</string>
				<string>D62EF4425E1444348B0A9EDF</string>
				<string>F3E0CD81A7374A6C90C8ED3E</string>
				<string>2E95838219CA4DD1B7605380</string>
				<string>07115DBE9EA749DF9CF2F8D7</string>
				<string>295DB71460034758BC89501E</string>
				<string>A14636BADFD247B48C0FEBD4</string>
				<string>B0A50657D81842A89D051E02</string>
				<string>C48EE63C8A0E4DFC9C74C12B</string>
				<string>546AAFBCD83E4CC0B18B4263</string>
				<string>1127CC9742F04A0DB54E0566</string>
				<string>AE7D64B7E62E4C2CB600BE1D</string>
				<string>A0F4D89BEDE54A499AD8BEB2</string>
				<string>79F157A2398246F794C36CF0</string>
				<string>E78D273E58A9475C9DB71055</string>
				<string>9C2A9036F5384E448DED6077</string>
				<string>4F16CD20578B43FB91614715</string>
				<string>C7AA2BA7A09B40F98B7E9A28</string>
				<string>D2C539565C044E7AB22DF62F</string>
				<string>B54D55F48D7A4E4C8B6762D2</string>
				<string>12FC41CBEF9C48C68C08F0B1</string>
				<string>7F08F5FCA05B471CB50AA215</string>
				<string>FC3F4B45BA2E434599E3C428</string>
				<string>28251B29D2964BB99605862A</string>
				<string>5B911C3ED6ED47F1AADB28FC</string>
				<string>6099923C976244499B713F1B</string>
				<string>BF647C5A49104A0E8838582B</string>
				<string>11BE7177E4DC485B8561E55D</string>
			</array>
			<key>isa</key>
			<string>PBXSourcesBuildPhase</string>
			<key>runOnlyForDeploymentPostprocessing</key>
			<string>0</string>
		</dict>
		<key>DA3A29BC1AE2AC3F00C29D16</key>
		<dict>
			<key>buildActionMask</key>
			<string>2147483647</string>
			<key>files</key>
			<array>
				<string>5A06CFF450BB9505FAFB704F</string>
			</array>
			<key>isa</key>
			<string>PBXFrameworksBuildPhase</string>
			<key>runOnlyForDeploymentPostprocessing</key>
			<string>0</string>
		</dict>
		<key>DA3A29BD1AE2AC3F00C29D16</key>
		<dict>
			<key>buildActionMask</key>
			<string>2147483647</string>
			<key>files</key>
			<array/>
			<key>isa</key>
			<string>PBXResourcesBuildPhase</string>
			<key>runOnlyForDeploymentPostprocessing</key>
			<string>0</string>
		</dict>
		<key>DA3A29BE1AE2AC3F00C29D16</key>
		<dict>
			<key>buildConfigurationList</key>
			<string>DA3A29C51AE2AC3F00C29D16</string>
			<key>buildPhases</key>
			<array>
				<string>58B0EFB9BBC8F53E45F53D34</string>
				<string>DA3A29BB1AE2AC3F00C29D16</string>
				<string>DA3A29BC1AE2AC3F00C29D16</string>
				<string>DA3A29BD1AE2AC3F00C29D16</string>
				<string>419BE6AF8D21824274E8E3CF</string>
				<string>DA3A389E1AE2E77F00C29D16</string>
				<string>DA3A3E691AE3184400C29D16</string>
			</array>
			<key>buildRules</key>
			<array/>
			<key>dependencies</key>
			<array/>
			<key>isa</key>
			<string>PBXNativeTarget</string>
			<key>name</key>
			<string>Specs</string>
			<key>productName</key>
			<string>Specs</string>
			<key>productReference</key>
			<string>DA3A29BF1AE2AC3F00C29D16</string>
			<key>productType</key>
			<string>com.apple.product-type.bundle.unit-test</string>
		</dict>
		<key>DA3A29BF1AE2AC3F00C29D16</key>
		<dict>
			<key>explicitFileType</key>
			<string>wrapper.cfbundle</string>
			<key>includeInIndex</key>
			<string>0</string>
			<key>isa</key>
			<string>PBXFileReference</string>
			<key>path</key>
			<string>Specs.xctest</string>
			<key>sourceTree</key>
			<string>BUILT_PRODUCTS_DIR</string>
		</dict>
		<key>DA3A29C51AE2AC3F00C29D16</key>
		<dict>
			<key>buildConfigurations</key>
			<array>
				<string>DA3A29C61AE2AC3F00C29D16</string>
				<string>DA3A29C71AE2AC3F00C29D16</string>
			</array>
			<key>defaultConfigurationIsVisible</key>
			<string>0</string>
			<key>defaultConfigurationName</key>
			<string>Release</string>
			<key>isa</key>
			<string>XCConfigurationList</string>
		</dict>
		<key>DA3A29C61AE2AC3F00C29D16</key>
		<dict>
			<key>baseConfigurationReference</key>
			<string>59223FA2065F91A1B7BB36B0</string>
			<key>buildSettings</key>
			<dict>
				<key>COMBINE_HIDPI_IMAGES</key>
				<string>YES</string>
				<key>FRAMEWORK_SEARCH_PATHS</key>
				<array>
					<string>$(DEVELOPER_FRAMEWORKS_DIR)</string>
					<string>$(inherited)</string>
				</array>
				<key>GCC_PREPROCESSOR_DEFINITIONS</key>
				<array>
					<string>DEBUG=1</string>
					<string>$(inherited)</string>
				</array>
				<key>INFOPLIST_FILE</key>
				<string>Specs/Info.plist</string>
				<key>LD_RUNPATH_SEARCH_PATHS</key>
				<string>$(inherited) @executable_path/../Frameworks @loader_path/../Frameworks</string>
				<key>PRODUCT_NAME</key>
				<string>$(TARGET_NAME)</string>
			</dict>
			<key>isa</key>
			<string>XCBuildConfiguration</string>
			<key>name</key>
			<string>Debug</string>
		</dict>
		<key>DA3A29C71AE2AC3F00C29D16</key>
		<dict>
			<key>baseConfigurationReference</key>
			<string>EAB55D453F5BBB3FC36D50BB</string>
			<key>buildSettings</key>
			<dict>
				<key>COMBINE_HIDPI_IMAGES</key>
				<string>YES</string>
				<key>FRAMEWORK_SEARCH_PATHS</key>
				<array>
					<string>$(DEVELOPER_FRAMEWORKS_DIR)</string>
					<string>$(inherited)</string>
				</array>
				<key>INFOPLIST_FILE</key>
				<string>Specs/Info.plist</string>
				<key>LD_RUNPATH_SEARCH_PATHS</key>
				<string>$(inherited) @executable_path/../Frameworks @loader_path/../Frameworks</string>
				<key>PRODUCT_NAME</key>
				<string>$(TARGET_NAME)</string>
			</dict>
			<key>isa</key>
			<string>XCBuildConfiguration</string>
			<key>name</key>
			<string>Release</string>
		</dict>
		<key>DA3A389E1AE2E77F00C29D16</key>
		<dict>
			<key>buildActionMask</key>
			<string>2147483647</string>
			<key>files</key>
			<array/>
			<key>inputPaths</key>
			<array/>
			<key>isa</key>
			<string>PBXShellScriptBuildPhase</string>
			<key>outputPaths</key>
			<array/>
			<key>runOnlyForDeploymentPostprocessing</key>
			<string>0</string>
			<key>shellPath</key>
			<string>/bin/sh</string>
			<key>shellScript</key>
			<string>rsync -r "${SRCROOT}/Specs/Fixtures" "${TARGET_BUILD_DIR}/${UNLOCALIZED_RESOURCES_FOLDER_PATH}"</string>
		</dict>
		<key>DA3A3E691AE3184400C29D16</key>
		<dict>
			<key>buildActionMask</key>
			<string>2147483647</string>
			<key>files</key>
			<array/>
			<key>inputPaths</key>
			<array/>
			<key>isa</key>
			<string>PBXShellScriptBuildPhase</string>
			<key>outputPaths</key>
			<array/>
			<key>runOnlyForDeploymentPostprocessing</key>
			<string>0</string>
			<key>shellPath</key>
			<string>/bin/sh</string>
			<key>shellScript</key>
			<string>Pods/XcodeCoverage/exportenv.sh</string>
		</dict>
		<key>DAB4B5E01AE4268100B62F67</key>
		<dict>
			<key>fileEncoding</key>
			<string>4</string>
			<key>isa</key>
			<string>PBXFileReference</string>
			<key>lastKnownFileType</key>
			<string>sourcecode.c.h</string>
			<key>path</key>
			<string>PASSampleProjectLoader.h</string>
			<key>sourceTree</key>
			<string>&lt;group&gt;</string>
		</dict>
		<key>DAD0ABB01AE174F7002C362A</key>
		<dict>
			<key>children</key>
			<array>
				<string>1FDFD3E33173133589923305</string>
				<string>EBEEBC7AB80B058AB2876D1F</string>
				<string>DAD0ABBA1AE174F7002C362A</string>
				<string>B19ADF3E48D249EEBF980CE3</string>
				<string>DAD0ABBB1AE174F7002C362A</string>
			</array>
			<key>isa</key>
			<string>PBXGroup</string>
			<key>sourceTree</key>
			<string>&lt;group&gt;</string>
		</dict>
		<key>DAD0ABB11AE174F7002C362A</key>
		<dict>
			<key>attributes</key>
			<dict>
				<key>LastUpgradeCheck</key>
				<string>0630</string>
				<key>ORGANIZATIONNAME</key>
				<string>Paul Samuels</string>
				<key>TargetAttributes</key>
				<dict>
					<key>DA3A29BE1AE2AC3F00C29D16</key>
					<dict>
						<key>CreatedOnToolsVersion</key>
						<string>6.3</string>
					</dict>
					<key>DAD0ABB81AE174F7002C362A</key>
					<dict>
						<key>CreatedOnToolsVersion</key>
						<string>6.3</string>
					</dict>
				</dict>
			</dict>
			<key>buildConfigurationList</key>
			<string>DAD0ABB41AE174F7002C362A</string>
			<key>compatibilityVersion</key>
			<string>Xcode 3.2</string>
			<key>developmentRegion</key>
			<string>English</string>
			<key>hasScannedForEncodings</key>
			<string>0</string>
			<key>isa</key>
			<string>PBXProject</string>
			<key>knownRegions</key>
			<array>
				<string>en</string>
				<string>Base</string>
			</array>
			<key>mainGroup</key>
			<string>DAD0ABB01AE174F7002C362A</string>
			<key>productRefGroup</key>
			<string>DAD0ABBA1AE174F7002C362A</string>
			<key>projectDirPath</key>
			<string></string>
			<key>projectRoot</key>
			<string></string>
			<key>targets</key>
			<array>
				<string>DAD0ABB81AE174F7002C362A</string>
				<string>DA3A29BE1AE2AC3F00C29D16</string>
			</array>
		</dict>
		<key>DAD0ABB41AE174F7002C362A</key>
		<dict>
			<key>buildConfigurations</key>
			<array>
				<string>DAD0ABBE1AE174F7002C362A</string>
				<string>DAD0ABBF1AE174F7002C362A</string>
			</array>
			<key>defaultConfigurationIsVisible</key>
			<string>0</string>
			<key>defaultConfigurationName</key>
			<string>Release</string>
			<key>isa</key>
			<string>XCConfigurationList</string>
		</dict>
		<key>DAD0ABB51AE174F7002C362A</key>
		<dict>
			<key>buildActionMask</key>
			<string>2147483647</string>
			<key>files</key>
			<array>
				<string>DAD0ABBD1AE174F7002C362A</string>
				<string>98BF468D92654EE4BB460D59</string>
				<string>94D4F98F25FD46CDA1F6643B</string>
				<string>D62EF4425E1444348B0A9EDF</string>
				<string>F3E0CD81A7374A6C90C8ED3E</string>
				<string>2E95838219CA4DD1B7605380</string>
				<string>07115DBE9EA749DF9CF2F8D7</string>
				<string>295DB71460034758BC89501E</string>
				<string>A14636BADFD247B48C0FEBD4</string>
				<string>B0A50657D81842A89D051E02</string>
				<string>C48EE63C8A0E4DFC9C74C12B</string>
				<string>546AAFBCD83E4CC0B18B4263</string>
				<string>1127CC9742F04A0DB54E0566</string>
				<string>AE7D64B7E62E4C2CB600BE1D</string>
				<string>A0F4D89BEDE54A499AD8BEB2</string>
				<string>79F157A2398246F794C36CF0</string>
			</array>
			<key>isa</key>
			<string>PBXSourcesBuildPhase</string>
			<key>runOnlyForDeploymentPostprocessing</key>
			<string>0</string>
		</dict>
		<key>DAD0ABB61AE174F7002C362A</key>
		<dict>
			<key>buildActionMask</key>
			<string>2147483647</string>
			<key>files</key>
			<array/>
			<key>isa</key>
			<string>PBXFrameworksBuildPhase</string>
			<key>runOnlyForDeploymentPostprocessing</key>
			<string>0</string>
		</dict>
		<key>DAD0ABB71AE174F7002C362A</key>
		<dict>
			<key>buildActionMask</key>
			<string>2147483647</string>
			<key>dstPath</key>
			<string>usr/share/man/man1</string>
			<key>dstSubfolderSpec</key>
			<string>7</string>
			<key>files</key>
			<array/>
			<key>isa</key>
			<string>PBXCopyFilesBuildPhase</string>
			<key>runOnlyForDeploymentPostprocessing</key>
			<string>1</string>
		</dict>
		<key>DAD0ABB81AE174F7002C362A</key>
		<dict>
			<key>buildConfigurationList</key>
			<string>DAD0ABC01AE174F7002C362A</string>
			<key>buildPhases</key>
			<array>
				<string>DAD0ABB51AE174F7002C362A</string>
				<string>DAD0ABB61AE174F7002C362A</string>
				<string>DAD0ABB71AE174F7002C362A</string>
			</array>
			<key>buildRules</key>
			<array/>
			<key>dependencies</key>
			<array/>
			<key>isa</key>
			<string>PBXNativeTarget</string>
			<key>name</key>
			<string>xcmount</string>
			<key>productName</key>
			<string>xcmount</string>
			<key>productReference</key>
			<string>DAD0ABB91AE174F7002C362A</string>
			<key>productType</key>
			<string>com.apple.product-type.tool</string>
		</dict>
		<key>DAD0ABB91AE174F7002C362A</key>
		<dict>
			<key>explicitFileType</key>
			<string>compiled.mach-o.executable</string>
			<key>includeInIndex</key>
			<string>0</string>
			<key>isa</key>
			<string>PBXFileReference</string>
			<key>path</key>
			<string>xcmount</string>
			<key>sourceTree</key>
			<string>BUILT_PRODUCTS_DIR</string>
		</dict>
		<key>DAD0ABBA1AE174F7002C362A</key>
		<dict>
			<key>children</key>
			<array>
				<string>DA3A29BF1AE2AC3F00C29D16</string>
				<string>DAD0ABB91AE174F7002C362A</string>
			</array>
			<key>isa</key>
			<string>PBXGroup</string>
			<key>name</key>
			<string>Products</string>
			<key>sourceTree</key>
			<string>&lt;group&gt;</string>
		</dict>
		<key>DAD0ABBB1AE174F7002C362A</key>
		<dict>
			<key>children</key>
			<array>
				<string>DFAE4D1B4BC54398BBDF916C</string>
				<string>DAD0ABBC1AE174F7002C362A</string>
			</array>
			<key>isa</key>
			<string>PBXGroup</string>
			<key>path</key>
			<string>xcmount</string>
			<key>sourceTree</key>
			<string>&lt;group&gt;</string>
		</dict>
		<key>DAD0ABBC1AE174F7002C362A</key>
		<dict>
			<key>isa</key>
			<string>PBXFileReference</string>
			<key>lastKnownFileType</key>
			<string>sourcecode.c.objc</string>
			<key>path</key>
			<string>main.m</string>
			<key>sourceTree</key>
			<string>&lt;group&gt;</string>
		</dict>
		<key>DAD0ABBD1AE174F7002C362A</key>
		<dict>
			<key>fileRef</key>
			<string>DAD0ABBC1AE174F7002C362A</string>
			<key>isa</key>
			<string>PBXBuildFile</string>
		</dict>
		<key>DAD0ABBE1AE174F7002C362A</key>
		<dict>
			<key>buildSettings</key>
			<dict>
				<key>ALWAYS_SEARCH_USER_PATHS</key>
				<string>NO</string>
				<key>CLANG_CXX_LANGUAGE_STANDARD</key>
				<string>gnu++0x</string>
				<key>CLANG_CXX_LIBRARY</key>
				<string>libc++</string>
				<key>CLANG_ENABLE_MODULES</key>
				<string>YES</string>
				<key>CLANG_ENABLE_OBJC_ARC</key>
				<string>YES</string>
				<key>CLANG_WARN_BOOL_CONVERSION</key>
				<string>YES</string>
				<key>CLANG_WARN_CONSTANT_CONVERSION</key>
				<string>YES</string>
				<key>CLANG_WARN_DIRECT_OBJC_ISA_USAGE</key>
				<string>YES_ERROR</string>
				<key>CLANG_WARN_EMPTY_BODY</key>
				<string>YES</string>
				<key>CLANG_WARN_ENUM_CONVERSION</key>
				<string>YES</string>
				<key>CLANG_WARN_INT_CONVERSION</key>
				<string>YES</string>
				<key>CLANG_WARN_OBJC_ROOT_CLASS</key>
				<string>YES_ERROR</string>
				<key>CLANG_WARN_UNREACHABLE_CODE</key>
				<string>YES</string>
				<key>CLANG_WARN__DUPLICATE_METHOD_MATCH</key>
				<string>YES</string>
				<key>COPY_PHASE_STRIP</key>
				<string>NO</string>
				<key>DEBUG_INFORMATION_FORMAT</key>
				<string>dwarf</string>
				<key>ENABLE_STRICT_OBJC_MSGSEND</key>
				<string>YES</string>
				<key>GCC_C_LANGUAGE_STANDARD</key>
				<string>gnu99</string>
				<key>GCC_DYNAMIC_NO_PIC</key>
				<string>NO</string>
				<key>GCC_GENERATE_TEST_COVERAGE_FILES</key>
				<string>YES</string>
				<key>GCC_INSTRUMENT_PROGRAM_FLOW_ARCS</key>
				<string>YES</string>
				<key>GCC_NO_COMMON_BLOCKS</key>
				<string>YES</string>
				<key>GCC_OPTIMIZATION_LEVEL</key>
				<string>0</string>
				<key>GCC_PREPROCESSOR_DEFINITIONS</key>
				<array>
					<string>DEBUG=1</string>
					<string>$(inherited)</string>
				</array>
				<key>GCC_SYMBOLS_PRIVATE_EXTERN</key>
				<string>NO</string>
				<key>GCC_WARN_64_TO_32_BIT_CONVERSION</key>
				<string>YES</string>
				<key>GCC_WARN_ABOUT_RETURN_TYPE</key>
				<string>YES_ERROR</string>
				<key>GCC_WARN_UNDECLARED_SELECTOR</key>
				<string>YES</string>
				<key>GCC_WARN_UNINITIALIZED_AUTOS</key>
				<string>YES_AGGRESSIVE</string>
				<key>GCC_WARN_UNUSED_FUNCTION</key>
				<string>YES</string>
				<key>GCC_WARN_UNUSED_VARIABLE</key>
				<string>YES</string>
				<key>MACOSX_DEPLOYMENT_TARGET</key>
				<string>10.10</string>
				<key>MTL_ENABLE_DEBUG_INFO</key>
				<string>YES</string>
				<key>ONLY_ACTIVE_ARCH</key>
				<string>YES</string>
				<key>SDKROOT</key>
				<string>macosx</string>
			</dict>
			<key>isa</key>
			<string>XCBuildConfiguration</string>
			<key>name</key>
			<string>Debug</string>
		</dict>
		<key>DAD0ABBF1AE174F7002C362A</key>
		<dict>
			<key>buildSettings</key>
			<dict>
				<key>ALWAYS_SEARCH_USER_PATHS</key>
				<string>NO</string>
				<key>CLANG_CXX_LANGUAGE_STANDARD</key>
				<string>gnu++0x</string>
				<key>CLANG_CXX_LIBRARY</key>
				<string>libc++</string>
				<key>CLANG_ENABLE_MODULES</key>
				<string>YES</string>
				<key>CLANG_ENABLE_OBJC_ARC</key>
				<string>YES</string>
				<key>CLANG_WARN_BOOL_CONVERSION</key>
				<string>YES</string>
				<key>CLANG_WARN_CONSTANT_CONVERSION</key>
				<string>YES</string>
				<key>CLANG_WARN_DIRECT_OBJC_ISA_USAGE</key>
				<string>YES_ERROR</string>
				<key>CLANG_WARN_EMPTY_BODY</key>
				<string>YES</string>
				<key>CLANG_WARN_ENUM_CONVERSION</key>
				<string>YES</string>
				<key>CLANG_WARN_INT_CONVERSION</key>
				<string>YES</string>
				<key>CLANG_WARN_OBJC_ROOT_CLASS</key>
				<string>YES_ERROR</string>
				<key>CLANG_WARN_UNREACHABLE_CODE</key>
				<string>YES</string>
				<key>CLANG_WARN__DUPLICATE_METHOD_MATCH</key>
				<string>YES</string>
				<key>COPY_PHASE_STRIP</key>
				<string>NO</string>
				<key>DEBUG_INFORMATION_FORMAT</key>
				<string>dwarf-with-dsym</string>
				<key>ENABLE_NS_ASSERTIONS</key>
				<string>NO</string>
				<key>ENABLE_STRICT_OBJC_MSGSEND</key>
				<string>YES</string>
				<key>GCC_C_LANGUAGE_STANDARD</key>
				<string>gnu99</string>
				<key>GCC_GENERATE_TEST_COVERAGE_FILES</key>
				<string>YES</string>
				<key>GCC_INSTRUMENT_PROGRAM_FLOW_ARCS</key>
				<string>YES</string>
				<key>GCC_NO_COMMON_BLOCKS</key>
				<string>YES</string>
				<key>GCC_WARN_64_TO_32_BIT_CONVERSION</key>
				<string>YES</string>
				<key>GCC_WARN_ABOUT_RETURN_TYPE</key>
				<string>YES_ERROR</string>
				<key>GCC_WARN_UNDECLARED_SELECTOR</key>
				<string>YES</string>
				<key>GCC_WARN_UNINITIALIZED_AUTOS</key>
				<string>YES_AGGRESSIVE</string>
				<key>GCC_WARN_UNUSED_FUNCTION</key>
				<string>YES</string>
				<key>GCC_WARN_UNUSED_VARIABLE</key>
				<string>YES</string>
				<key>MACOSX_DEPLOYMENT_TARGET</key>
				<string>10.10</string>
				<key>MTL_ENABLE_DEBUG_INFO</key>
				<string>NO</string>
				<key>SDKROOT</key>
				<string>macosx</string>
			</dict>
			<key>isa</key>
			<string>XCBuildConfiguration</string>
			<key>name</key>
			<string>Release</string>
		</dict>
		<key>DAD0ABC01AE174F7002C362A</key>
		<dict>
			<key>buildConfigurations</key>
			<array>
				<string>DAD0ABC11AE174F7002C362A</string>
				<string>DAD0ABC21AE174F7002C362A</string>
			</array>
			<key>defaultConfigurationIsVisible</key>
			<string>0</string>
			<key>defaultConfigurationName</key>
			<string>Release</string>
			<key>isa</key>
			<string>XCConfigurationList</string>
		</dict>
		<key>DAD0ABC11AE174F7002C362A</key>
		<dict>
			<key>buildSettings</key>
			<dict>
				<key>CLANG_WARN_OBJC_MISSING_PROPERTY_SYNTHESIS</key>
				<string>NO</string>
				<key>GCC_GENERATE_TEST_COVERAGE_FILES</key>
				<string>NO</string>
				<key>GCC_INSTRUMENT_PROGRAM_FLOW_ARCS</key>
				<string>NO</string>
				<key>OTHER_CFLAGS</key>
				<array>
					<string>-Wextra</string>
					<string>-Werror</string>
					<string>-Wall</string>
					<string>-Weverything</string>
					<string>-Wno-semicolon-before-method-body</string>
					<string>-Wno-gnu-conditional-omitted-operand</string>
					<string>-Wno-objc-missing-property-synthesis</string>
					<string>-Wno-direct-ivar-access</string>
					<string>-Wno-gnu-statement-expression</string>
				</array>
				<key>PRODUCT_NAME</key>
				<string>$(TARGET_NAME)</string>
			</dict>
			<key>isa</key>
			<string>XCBuildConfiguration</string>
			<key>name</key>
			<string>Debug</string>
		</dict>
		<key>DAD0ABC21AE174F7002C362A</key>
		<dict>
			<key>buildSettings</key>
			<dict>
				<key>CLANG_WARN_OBJC_MISSING_PROPERTY_SYNTHESIS</key>
				<string>NO</string>
				<key>GCC_GENERATE_TEST_COVERAGE_FILES</key>
				<string>NO</string>
				<key>GCC_INSTRUMENT_PROGRAM_FLOW_ARCS</key>
				<string>NO</string>
				<key>OTHER_CFLAGS</key>
				<array>
					<string>-Wextra</string>
					<string>-Werror</string>
					<string>-Wall</string>
					<string>-Weverything</string>
					<string>-Wno-semicolon-before-method-body</string>
					<string>-Wno-gnu-conditional-omitted-operand</string>
					<string>-Wno-objc-missing-property-synthesis</string>
					<string>-Wno-direct-ivar-access</string>
					<string>-Wno-gnu-statement-expression</string>
				</array>
				<key>PRODUCT_NAME</key>
				<string>$(TARGET_NAME)</string>
			</dict>
			<key>isa</key>
			<string>XCBuildConfiguration</string>
			<key>name</key>
			<string>Release</string>
		</dict>
		<key>DBC4A374001D4F6FB06C4FF2</key>
		<dict>
			<key>isa</key>
			<string>PBXFileReference</string>
			<key>path</key>
			<string>PASDismounter.h</string>
			<key>sourceTree</key>
			<string>&lt;group&gt;</string>
		</dict>
		<key>DE7F5A3D264B43C384A1B4BF</key>
		<dict>
			<key>isa</key>
			<string>PBXFileReference</string>
			<key>path</key>
			<string>NSMutableDictionary_PBXAccessorsSpec.m</string>
			<key>sourceTree</key>
			<string>&lt;group&gt;</string>
		</dict>
		<key>DFAE4D1B4BC54398BBDF916C</key>
		<dict>
			<key>children</key>
			<array>
				<string>F637B731F76C4274B166B433</string>
				<string>B2F96C7889B645A998D978E0</string>
				<string>CEC8EEE578284F41B0DC11C5</string>
				<string>ED5B55BF209A480FB59C2F58</string>
			</array>
			<key>isa</key>
			<string>PBXGroup</string>
			<key>path</key>
			<string>Source</string>
			<key>sourceTree</key>
			<string>&lt;group&gt;</string>
		</dict>
		<key>E235094C86AF4E3DB95011DB</key>
		<dict>
			<key>isa</key>
			<string>PBXFileReference</string>
			<key>path</key>
			<string>PASUUIDGenerator.h</string>
			<key>sourceTree</key>
			<string>&lt;group&gt;</string>
		</dict>
		<key>E78D273E58A9475C9DB71055</key>
		<dict>
			<key>fileRef</key>
			<string>EB8BCA583DFD4D6A8525AD63</string>
			<key>isa</key>
			<string>PBXBuildFile</string>
		</dict>
		<key>EAB55D453F5BBB3FC36D50BB</key>
		<dict>
			<key>includeInIndex</key>
			<string>1</string>
			<key>isa</key>
			<string>PBXFileReference</string>
			<key>lastKnownFileType</key>
			<string>text.xcconfig</string>
			<key>name</key>
			<string>Pods-Specs.release.xcconfig</string>
			<key>path</key>
			<string>Pods/Target Support Files/Pods-Specs/Pods-Specs.release.xcconfig</string>
			<key>sourceTree</key>
			<string>&lt;group&gt;</string>
		</dict>
		<key>EB8BCA583DFD4D6A8525AD63</key>
		<dict>
			<key>isa</key>
			<string>PBXFileReference</string>
			<key>path</key>
			<string>NSArray_PASEnumerationSpec.m</string>
			<key>sourceTree</key>
			<string>&lt;group&gt;</string>
		</dict>
		<key>EBEEBC7AB80B058AB2876D1F</key>
		<dict>
			<key>children</key>
			<array>
				<string>59223FA2065F91A1B7BB36B0</string>
				<string>EAB55D453F5BBB3FC36D50BB</string>
			</array>
			<key>isa</key>
			<string>PBXGroup</string>
			<key>name</key>
			<string>Pods</string>
			<key>sourceTree</key>
			<string>&lt;group&gt;</string>
		</dict>
		<key>ECB376BA32C2448BB9E5ED56</key>
		<dict>
			<key>isa</key>
			<string>PBXFileReference</string>
			<key>path</key>
			<string>PASDismounterSpec.m</string>
			<key>sourceTree</key>
			<string>&lt;group&gt;</string>
		</dict>
		<key>ED5B55BF209A480FB59C2F58</key>
		<dict>
			<key>children</key>
			<array>
				<string>65CABC6913EC4E0B8BB7CF3C</string>
				<string>A965368AEDBD408AB0723334</string>
				<string>128ED922B4E147739EEAA93A</string>
				<string>606C86C5850A427EBDAD946B</string>
				<string>B382C4288D6B4D6282355761</string>
				<string>1E2C5F04DF2E46E39119DC04</string>
				<string>327CB102A2634B89A3F2C1E1</string>
				<string>847EED9FD8474FE4BA9A6CAA</string>
				<string>CA66B36D50814930BA668F23</string>
				<string>4E390F5811954017B1A98194</string>
			</array>
			<key>isa</key>
			<string>PBXGroup</string>
			<key>name</key>
			<string>Models</string>
			<key>path</key>
			<string>Models</string>
			<key>sourceTree</key>
			<string>&lt;group&gt;</string>
		</dict>
		<key>EFEDEBE6E251480E9016B768</key>
		<dict>
			<key>isa</key>
			<string>PBXFileReference</string>
			<key>path</key>
			<string>PASConstants.m</string>
			<key>sourceTree</key>
			<string>&lt;group&gt;</string>
		</dict>
		<key>F3E0CD81A7374A6C90C8ED3E</key>
		<dict>
			<key>fileRef</key>
			<string>55C1BAAD09714AD1980E2808</string>
			<key>isa</key>
			<string>PBXBuildFile</string>
		</dict>
		<key>F637B731F76C4274B166B433</key>
		<dict>
			<key>children</key>
			<array>
				<string>2693EB96A3AC4DB38CE4D47C</string>
				<string>D4B1E3EBF3EC40E9AB1E0D47</string>
				<string>C89C44E978074D10AF6AC491</string>
			</array>
			<key>isa</key>
			<string>PBXGroup</string>
			<key>name</key>
			<string>Categories</string>
			<key>path</key>
			<string>Categories</string>
			<key>sourceTree</key>
			<string>&lt;group&gt;</string>
		</dict>
		<key>FBB60A98EDFE47E6B4544BA5</key>
		<dict>
			<key>isa</key>
			<string>PBXFileReference</string>
			<key>path</key>
			<string>PASConstantsSpec.m</string>
			<key>sourceTree</key>
			<string>&lt;group&gt;</string>
		</dict>
		<key>FC3F4B45BA2E434599E3C428</key>
		<dict>
			<key>fileRef</key>
			<string>8D6483FF33C34E82A220F964</string>
			<key>isa</key>
			<string>PBXBuildFile</string>
		</dict>
		<key>FC710EC63BC147AB9186B93C</key>
		<dict>
			<key>isa</key>
			<string>PBXFileReference</string>
			<key>path</key>
			<string>PASDecorator.h</string>
			<key>sourceTree</key>
			<string>&lt;group&gt;</string>
		</dict>
	</dict>
	<key>rootObject</key>
	<string>DAD0ABB11AE174F7002C362A</string>
</dict>
</plist>
